// !$*UTF8*$!
{
	archiveVersion = 1;
	classes = {
	};
	objectVersion = 50;
	objects = {

/* Begin PBXBuildFile section */
		D1043C9B253F7728000001AC /* AppDelegate.swift in Sources */ = {isa = PBXBuildFile; fileRef = D1043C9A253F7728000001AC /* AppDelegate.swift */; };
		D1043C9D253F7728000001AC /* SceneDelegate.swift in Sources */ = {isa = PBXBuildFile; fileRef = D1043C9C253F7728000001AC /* SceneDelegate.swift */; };
		D1043C9F253F7728000001AC /* ViewController.swift in Sources */ = {isa = PBXBuildFile; fileRef = D1043C9E253F7728000001AC /* ViewController.swift */; };
		D1043CA2253F7728000001AC /* Main.storyboard in Resources */ = {isa = PBXBuildFile; fileRef = D1043CA0253F7728000001AC /* Main.storyboard */; };
		D1043CA4253F772A000001AC /* Assets.xcassets in Resources */ = {isa = PBXBuildFile; fileRef = D1043CA3253F772A000001AC /* Assets.xcassets */; };
		D1043CA7253F772A000001AC /* LaunchScreen.storyboard in Resources */ = {isa = PBXBuildFile; fileRef = D1043CA5253F772A000001AC /* LaunchScreen.storyboard */; };
		D1671F9F2543ECED0011E30A /* File.swift in Sources */ = {isa = PBXBuildFile; fileRef = D1671F9E2543ECED0011E30A /* File.swift */; };
		D1671FA42543F2620011E30A /* CafesTVC.swift in Sources */ = {isa = PBXBuildFile; fileRef = D1671FA32543F2620011E30A /* CafesTVC.swift */; };
		D1671FAF2543FCC50011E30A /* CafesTVcell.swift in Sources */ = {isa = PBXBuildFile; fileRef = D1671FAE2543FCC50011E30A /* CafesTVcell.swift */; };
		D1F38C082543B2C900FEF4A8 /* TBC.swift in Sources */ = {isa = PBXBuildFile; fileRef = D1F38C072543B2C900FEF4A8 /* TBC.swift */; };
		D1F38C102543B3AC00FEF4A8 /* EvantsTVC.swift in Sources */ = {isa = PBXBuildFile; fileRef = D1F38C0F2543B3AC00FEF4A8 /* EvantsTVC.swift */; };
		D1F38C142543B3CD00FEF4A8 /* TeamsTVC.swift in Sources */ = {isa = PBXBuildFile; fileRef = D1F38C132543B3CD00FEF4A8 /* TeamsTVC.swift */; };
		D1F38C192543B46600FEF4A8 /* AddTeamVC.swift in Sources */ = {isa = PBXBuildFile; fileRef = D1F38C182543B46600FEF4A8 /* AddTeamVC.swift */; };
		D1F38C202543B89F00FEF4A8 /* EvantsTVcell.swift in Sources */ = {isa = PBXBuildFile; fileRef = D1F38C1F2543B89F00FEF4A8 /* EvantsTVcell.swift */; };
		D1F38C232543B8BC00FEF4A8 /* TeamsTVcell.swift in Sources */ = {isa = PBXBuildFile; fileRef = D1F38C222543B8BC00FEF4A8 /* TeamsTVcell.swift */; };
/* End PBXBuildFile section */

/* Begin PBXFileReference section */
		D1043C97253F7728000001AC /* PT Caffien.app */ = {isa = PBXFileReference; explicitFileType = wrapper.application; includeInIndex = 0; path = "PT Caffien.app"; sourceTree = BUILT_PRODUCTS_DIR; };
		D1043C9A253F7728000001AC /* AppDelegate.swift */ = {isa = PBXFileReference; lastKnownFileType = sourcecode.swift; path = AppDelegate.swift; sourceTree = "<group>"; };
		D1043C9C253F7728000001AC /* SceneDelegate.swift */ = {isa = PBXFileReference; lastKnownFileType = sourcecode.swift; path = SceneDelegate.swift; sourceTree = "<group>"; };
		D1043C9E253F7728000001AC /* ViewController.swift */ = {isa = PBXFileReference; lastKnownFileType = sourcecode.swift; path = ViewController.swift; sourceTree = "<group>"; };
		D1043CA1253F7728000001AC /* Base */ = {isa = PBXFileReference; lastKnownFileType = file.storyboard; name = Base; path = Base.lproj/Main.storyboard; sourceTree = "<group>"; };
		D1043CA3253F772A000001AC /* Assets.xcassets */ = {isa = PBXFileReference; lastKnownFileType = folder.assetcatalog; path = Assets.xcassets; sourceTree = "<group>"; };
		D1043CA6253F772A000001AC /* Base */ = {isa = PBXFileReference; lastKnownFileType = file.storyboard; name = Base; path = Base.lproj/LaunchScreen.storyboard; sourceTree = "<group>"; };
		D1043CA8253F772A000001AC /* Info.plist */ = {isa = PBXFileReference; lastKnownFileType = text.plist.xml; path = Info.plist; sourceTree = "<group>"; };
		D1671F9E2543ECED0011E30A /* File.swift */ = {isa = PBXFileReference; lastKnownFileType = sourcecode.swift; path = File.swift; sourceTree = "<group>"; };
		D1671FA32543F2620011E30A /* CafesTVC.swift */ = {isa = PBXFileReference; lastKnownFileType = sourcecode.swift; path = CafesTVC.swift; sourceTree = "<group>"; };
		D1671FAE2543FCC50011E30A /* CafesTVcell.swift */ = {isa = PBXFileReference; lastKnownFileType = sourcecode.swift; path = CafesTVcell.swift; sourceTree = "<group>"; };
		D1F38C072543B2C900FEF4A8 /* TBC.swift */ = {isa = PBXFileReference; lastKnownFileType = sourcecode.swift; path = TBC.swift; sourceTree = "<group>"; };
		D1F38C0F2543B3AC00FEF4A8 /* EvantsTVC.swift */ = {isa = PBXFileReference; lastKnownFileType = sourcecode.swift; path = EvantsTVC.swift; sourceTree = "<group>"; };
		D1F38C132543B3CD00FEF4A8 /* TeamsTVC.swift */ = {isa = PBXFileReference; lastKnownFileType = sourcecode.swift; path = TeamsTVC.swift; sourceTree = "<group>"; };
		D1F38C182543B46600FEF4A8 /* AddTeamVC.swift */ = {isa = PBXFileReference; lastKnownFileType = sourcecode.swift; path = AddTeamVC.swift; sourceTree = "<group>"; };
		D1F38C1F2543B89F00FEF4A8 /* EvantsTVcell.swift */ = {isa = PBXFileReference; lastKnownFileType = sourcecode.swift; path = EvantsTVcell.swift; sourceTree = "<group>"; };
		D1F38C222543B8BC00FEF4A8 /* TeamsTVcell.swift */ = {isa = PBXFileReference; lastKnownFileType = sourcecode.swift; path = TeamsTVcell.swift; sourceTree = "<group>"; };
/* End PBXFileReference section */

/* Begin PBXFrameworksBuildPhase section */
		D1043C94253F7728000001AC /* Frameworks */ = {
			isa = PBXFrameworksBuildPhase;
			buildActionMask = 2147483647;
			files = (
			);
			runOnlyForDeploymentPostprocessing = 0;
		};
/* End PBXFrameworksBuildPhase section */

/* Begin PBXGroup section */
		D1043C8E253F7728000001AC = {
			isa = PBXGroup;
			children = (
				D1043C99253F7728000001AC /* PT Caffien */,
				D1043C98253F7728000001AC /* Products */,
			);
			sourceTree = "<group>";
		};
		D1043C98253F7728000001AC /* Products */ = {
			isa = PBXGroup;
			children = (
				D1043C97253F7728000001AC /* PT Caffien.app */,
			);
			name = Products;
			sourceTree = "<group>";
		};
		D1043C99253F7728000001AC /* PT Caffien */ = {
			isa = PBXGroup;
			children = (
				D1043C9A253F7728000001AC /* AppDelegate.swift */,
				D1043C9C253F7728000001AC /* SceneDelegate.swift */,
				D1043C9E253F7728000001AC /* ViewController.swift */,
				D1043CA0253F7728000001AC /* Main.storyboard */,
				D1F38C072543B2C900FEF4A8 /* TBC.swift */,
				D1671FA32543F2620011E30A /* CafesTVC.swift */,
				D1671FAE2543FCC50011E30A /* CafesTVcell.swift */,
				D1F38C0F2543B3AC00FEF4A8 /* EvantsTVC.swift */,
				D1F38C1F2543B89F00FEF4A8 /* EvantsTVcell.swift */,
				D1F38C132543B3CD00FEF4A8 /* TeamsTVC.swift */,
				D1F38C222543B8BC00FEF4A8 /* TeamsTVcell.swift */,
				D1F38C182543B46600FEF4A8 /* AddTeamVC.swift */,
				D1043CA3253F772A000001AC /* Assets.xcassets */,
				D1671F9E2543ECED0011E30A /* File.swift */,
				D1043CA5253F772A000001AC /* LaunchScreen.storyboard */,
				D1043CA8253F772A000001AC /* Info.plist */,
			);
			path = "PT Caffien";
			sourceTree = "<group>";
		};
/* End PBXGroup section */

/* Begin PBXNativeTarget section */
		D1043C96253F7728000001AC /* PT Caffien */ = {
			isa = PBXNativeTarget;
			buildConfigurationList = D1043CAB253F772A000001AC /* Build configuration list for PBXNativeTarget "PT Caffien" */;
			buildPhases = (
				D1043C93253F7728000001AC /* Sources */,
				D1043C94253F7728000001AC /* Frameworks */,
				D1043C95253F7728000001AC /* Resources */,
			);
			buildRules = (
			);
			dependencies = (
			);
			name = "PT Caffien";
			productName = "PT Caffien";
			productReference = D1043C97253F7728000001AC /* PT Caffien.app */;
			productType = "com.apple.product-type.application";
		};
/* End PBXNativeTarget section */

/* Begin PBXProject section */
		D1043C8F253F7728000001AC /* Project object */ = {
			isa = PBXProject;
			attributes = {
				LastSwiftUpdateCheck = 1200;
				LastUpgradeCheck = 1200;
				TargetAttributes = {
					D1043C96253F7728000001AC = {
						CreatedOnToolsVersion = 12.0.1;
					};
				};
			};
			buildConfigurationList = D1043C92253F7728000001AC /* Build configuration list for PBXProject "PT Caffien" */;
			compatibilityVersion = "Xcode 9.3";
			developmentRegion = en;
			hasScannedForEncodings = 0;
			knownRegions = (
				en,
				Base,
			);
			mainGroup = D1043C8E253F7728000001AC;
			productRefGroup = D1043C98253F7728000001AC /* Products */;
			projectDirPath = "";
			projectRoot = "";
			targets = (
				D1043C96253F7728000001AC /* PT Caffien */,
			);
		};
/* End PBXProject section */

/* Begin PBXResourcesBuildPhase section */
		D1043C95253F7728000001AC /* Resources */ = {
			isa = PBXResourcesBuildPhase;
			buildActionMask = 2147483647;
			files = (
				D1043CA7253F772A000001AC /* LaunchScreen.storyboard in Resources */,
				D1043CA4253F772A000001AC /* Assets.xcassets in Resources */,
				D1043CA2253F7728000001AC /* Main.storyboard in Resources */,
			);
			runOnlyForDeploymentPostprocessing = 0;
		};
/* End PBXResourcesBuildPhase section */

/* Begin PBXSourcesBuildPhase section */
		D1043C93253F7728000001AC /* Sources */ = {
			isa = PBXSourcesBuildPhase;
			buildActionMask = 2147483647;
			files = (
				D1671FA42543F2620011E30A /* CafesTVC.swift in Sources */,
				D1F38C202543B89F00FEF4A8 /* EvantsTVcell.swift in Sources */,
				D1671F9F2543ECED0011E30A /* File.swift in Sources */,
				D1F38C102543B3AC00FEF4A8 /* EvantsTVC.swift in Sources */,
				D1043C9F253F7728000001AC /* ViewController.swift in Sources */,
				D1F38C232543B8BC00FEF4A8 /* TeamsTVcell.swift in Sources */,
				D1F38C192543B46600FEF4A8 /* AddTeamVC.swift in Sources */,
				D1F38C082543B2C900FEF4A8 /* TBC.swift in Sources */,
				D1671FAF2543FCC50011E30A /* CafesTVcell.swift in Sources */,
				D1F38C142543B3CD00FEF4A8 /* TeamsTVC.swift in Sources */,
				D1043C9B253F7728000001AC /* AppDelegate.swift in Sources */,
				D1043C9D253F7728000001AC /* SceneDelegate.swift in Sources */,
			);
			runOnlyForDeploymentPostprocessing = 0;
		};
/* End PBXSourcesBuildPhase section */

/* Begin PBXVariantGroup section */
		D1043CA0253F7728000001AC /* Main.storyboard */ = {
			isa = PBXVariantGroup;
			children = (
				D1043CA1253F7728000001AC /* Base */,
			);
			name = Main.storyboard;
			sourceTree = "<group>";
		};
		D1043CA5253F772A000001AC /* LaunchScreen.storyboard */ = {
			isa = PBXVariantGroup;
			children = (
				D1043CA6253F772A000001AC /* Base */,
			);
			name = LaunchScreen.storyboard;
			sourceTree = "<group>";
		};
/* End PBXVariantGroup section */

/* Begin XCBuildConfiguration section */
		D1043CA9253F772A000001AC /* Debug */ = {
			isa = XCBuildConfiguration;
			buildSettings = {
				ALWAYS_SEARCH_USER_PATHS = NO;
				CLANG_ANALYZER_NONNULL = YES;
				CLANG_ANALYZER_NUMBER_OBJECT_CONVERSION = YES_AGGRESSIVE;
				CLANG_CXX_LANGUAGE_STANDARD = "gnu++14";
				CLANG_CXX_LIBRARY = "libc++";
				CLANG_ENABLE_MODULES = YES;
				CLANG_ENABLE_OBJC_ARC = YES;
				CLANG_ENABLE_OBJC_WEAK = YES;
				CLANG_WARN_BLOCK_CAPTURE_AUTORELEASING = YES;
				CLANG_WARN_BOOL_CONVERSION = YES;
				CLANG_WARN_COMMA = YES;
				CLANG_WARN_CONSTANT_CONVERSION = YES;
				CLANG_WARN_DEPRECATED_OBJC_IMPLEMENTATIONS = YES;
				CLANG_WARN_DIRECT_OBJC_ISA_USAGE = YES_ERROR;
				CLANG_WARN_DOCUMENTATION_COMMENTS = YES;
				CLANG_WARN_EMPTY_BODY = YES;
				CLANG_WARN_ENUM_CONVERSION = YES;
				CLANG_WARN_INFINITE_RECURSION = YES;
				CLANG_WARN_INT_CONVERSION = YES;
				CLANG_WARN_NON_LITERAL_NULL_CONVERSION = YES;
				CLANG_WARN_OBJC_IMPLICIT_RETAIN_SELF = YES;
				CLANG_WARN_OBJC_LITERAL_CONVERSION = YES;
				CLANG_WARN_OBJC_ROOT_CLASS = YES_ERROR;
				CLANG_WARN_QUOTED_INCLUDE_IN_FRAMEWORK_HEADER = YES;
				CLANG_WARN_RANGE_LOOP_ANALYSIS = YES;
				CLANG_WARN_STRICT_PROTOTYPES = YES;
				CLANG_WARN_SUSPICIOUS_MOVE = YES;
				CLANG_WARN_UNGUARDED_AVAILABILITY = YES_AGGRESSIVE;
				CLANG_WARN_UNREACHABLE_CODE = YES;
				CLANG_WARN__DUPLICATE_METHOD_MATCH = YES;
				COPY_PHASE_STRIP = NO;
				DEBUG_INFORMATION_FORMAT = dwarf;
				ENABLE_STRICT_OBJC_MSGSEND = YES;
				ENABLE_TESTABILITY = YES;
				GCC_C_LANGUAGE_STANDARD = gnu11;
				GCC_DYNAMIC_NO_PIC = NO;
				GCC_NO_COMMON_BLOCKS = YES;
				GCC_OPTIMIZATION_LEVEL = 0;
				GCC_PREPROCESSOR_DEFINITIONS = (
					"DEBUG=1",
					"$(inherited)",
				);
				GCC_WARN_64_TO_32_BIT_CONVERSION = YES;
				GCC_WARN_ABOUT_RETURN_TYPE = YES_ERROR;
				GCC_WARN_UNDECLARED_SELECTOR = YES;
				GCC_WARN_UNINITIALIZED_AUTOS = YES_AGGRESSIVE;
				GCC_WARN_UNUSED_FUNCTION = YES;
				GCC_WARN_UNUSED_VARIABLE = YES;
				IPHONEOS_DEPLOYMENT_TARGET = 14.0;
				MTL_ENABLE_DEBUG_INFO = INCLUDE_SOURCE;
				MTL_FAST_MATH = YES;
				ONLY_ACTIVE_ARCH = YES;
				SDKROOT = iphoneos;
				SWIFT_ACTIVE_COMPILATION_CONDITIONS = DEBUG;
				SWIFT_OPTIMIZATION_LEVEL = "-Onone";
			};
			name = Debug;
		};
		D1043CAA253F772A000001AC /* Release */ = {
			isa = XCBuildConfiguration;
			buildSettings = {
				ALWAYS_SEARCH_USER_PATHS = NO;
				CLANG_ANALYZER_NONNULL = YES;
				CLANG_ANALYZER_NUMBER_OBJECT_CONVERSION = YES_AGGRESSIVE;
				CLANG_CXX_LANGUAGE_STANDARD = "gnu++14";
				CLANG_CXX_LIBRARY = "libc++";
				CLANG_ENABLE_MODULES = YES;
				CLANG_ENABLE_OBJC_ARC = YES;
				CLANG_ENABLE_OBJC_WEAK = YES;
				CLANG_WARN_BLOCK_CAPTURE_AUTORELEASING = YES;
				CLANG_WARN_BOOL_CONVERSION = YES;
				CLANG_WARN_COMMA = YES;
				CLANG_WARN_CONSTANT_CONVERSION = YES;
				CLANG_WARN_DEPRECATED_OBJC_IMPLEMENTATIONS = YES;
				CLANG_WARN_DIRECT_OBJC_ISA_USAGE = YES_ERROR;
				CLANG_WARN_DOCUMENTATION_COMMENTS = YES;
				CLANG_WARN_EMPTY_BODY = YES;
				CLANG_WARN_ENUM_CONVERSION = YES;
				CLANG_WARN_INFINITE_RECURSION = YES;
				CLANG_WARN_INT_CONVERSION = YES;
				CLANG_WARN_NON_LITERAL_NULL_CONVERSION = YES;
				CLANG_WARN_OBJC_IMPLICIT_RETAIN_SELF = YES;
				CLANG_WARN_OBJC_LITERAL_CONVERSION = YES;
				CLANG_WARN_OBJC_ROOT_CLASS = YES_ERROR;
				CLANG_WARN_QUOTED_INCLUDE_IN_FRAMEWORK_HEADER = YES;
				CLANG_WARN_RANGE_LOOP_ANALYSIS = YES;
				CLANG_WARN_STRICT_PROTOTYPES = YES;
				CLANG_WARN_SUSPICIOUS_MOVE = YES;
				CLANG_WARN_UNGUARDED_AVAILABILITY = YES_AGGRESSIVE;
				CLANG_WARN_UNREACHABLE_CODE = YES;
				CLANG_WARN__DUPLICATE_METHOD_MATCH = YES;
				COPY_PHASE_STRIP = NO;
				DEBUG_INFORMATION_FORMAT = "dwarf-with-dsym";
				ENABLE_NS_ASSERTIONS = NO;
				ENABLE_STRICT_OBJC_MSGSEND = YES;
				GCC_C_LANGUAGE_STANDARD = gnu11;
				GCC_NO_COMMON_BLOCKS = YES;
				GCC_WARN_64_TO_32_BIT_CONVERSION = YES;
				GCC_WARN_ABOUT_RETURN_TYPE = YES_ERROR;
				GCC_WARN_UNDECLARED_SELECTOR = YES;
				GCC_WARN_UNINITIALIZED_AUTOS = YES_AGGRESSIVE;
				GCC_WARN_UNUSED_FUNCTION = YES;
				GCC_WARN_UNUSED_VARIABLE = YES;
				IPHONEOS_DEPLOYMENT_TARGET = 14.0;
				MTL_ENABLE_DEBUG_INFO = NO;
				MTL_FAST_MATH = YES;
				SDKROOT = iphoneos;
				SWIFT_COMPILATION_MODE = wholemodule;
				SWIFT_OPTIMIZATION_LEVEL = "-O";
				VALIDATE_PRODUCT = YES;
			};
			name = Release;
		};
		D1043CAC253F772A000001AC /* Debug */ = {
			isa = XCBuildConfiguration;
			buildSettings = {
				ASSETCATALOG_COMPILER_APPICON_NAME = AppIcon;
				ASSETCATALOG_COMPILER_GLOBAL_ACCENT_COLOR_NAME = AccentColor;
				CODE_SIGN_STYLE = Automatic;
				DEVELOPMENT_TEAM = WP95G23MDW;
				INFOPLIST_FILE = "PT Caffien/Info.plist";
				LD_RUNPATH_SEARCH_PATHS = (
					"$(inherited)",
					"@executable_path/Frameworks",
				);
				PRODUCT_BUNDLE_IDENTIFIER = "com.salem.PT-Caffien";
				PRODUCT_NAME = "$(TARGET_NAME)";
				SWIFT_VERSION = 5.0;
				TARGETED_DEVICE_FAMILY = "1,2";
			};
			name = Debug;
		};
		D1043CAD253F772A000001AC /* Release */ = {
			isa = XCBuildConfiguration;
			buildSettings = {
				ASSETCATALOG_COMPILER_APPICON_NAME = AppIcon;
				ASSETCATALOG_COMPILER_GLOBAL_ACCENT_COLOR_NAME = AccentColor;
				CODE_SIGN_STYLE = Automatic;
				DEVELOPMENT_TEAM = WP95G23MDW;
				INFOPLIST_FILE = "PT Caffien/Info.plist";
				LD_RUNPATH_SEARCH_PATHS = (
					"$(inherited)",
					"@executable_path/Frameworks",
				);
				PRODUCT_BUNDLE_IDENTIFIER = "com.salem.PT-Caffien";
				PRODUCT_NAME = "$(TARGET_NAME)";
				SWIFT_VERSION = 5.0;
				TARGETED_DEVICE_FAMILY = "1,2";
			};
			name = Release;
		};
/* End XCBuildConfiguration section */

/* Begin XCConfigurationList section */
		D1043C92253F7728000001AC /* Build configuration list for PBXProject "PT Caffien" */ = {
			isa = XCConfigurationList;
			buildConfigurations = (
				D1043CA9253F772A000001AC /* Debug */,
				D1043CAA253F772A000001AC /* Release */,
			);
			defaultConfigurationIsVisible = 0;
			defaultConfigurationName = Release;
		};
		D1043CAB253F772A000001AC /* Build configuration list for PBXNativeTarget "PT Caffien" */ = {
			isa = XCConfigurationList;
			buildConfigurations = (
				D1043CAC253F772A000001AC /* Debug */,
				D1043CAD253F772A000001AC /* Release */,
			);
			defaultConfigurationIsVisible = 0;
			defaultConfigurationName = Release;
		};
/* End XCConfigurationList section */
	};
	rootObject = D1043C8F253F7728000001AC /* Project object */;
}
